# This file is automatically @generated by Cargo.
# It is not intended for manual editing.
version = 3

[[package]]
name = "range_check"
version = "0.2.0"
source = "registry+https://github.com/rust-lang/crates.io-index"
checksum = "d69b9d3e775b8f88eb220da1a4d8baae200d3ec499b8ef14b881362a5f8ad883"

[[package]]
name = "roman_numerals"
version = "1.0.0"
dependencies = [
 "range_check",
]
